
Microsoft Visual Studio Solution File, Format Version 11.00
# Visual Studio 2010
Project("{FAE04EC0-301F-11D3-BF4B-00C04F79EFBC}") = "MacPackager", "MacPackager.csproj", "{10273942-94C5-4192-934B-0E23D92E3902}"
EndProject
Global
	GlobalSection(SourceCodeControl) = preSolution
		SccNumberOfProjects = 2
		SccLocalPath0 = .
		SccProjectUniqueName1 = MacPackager.csproj
		SccLocalPath1 = .
	EndGlobalSection
	GlobalSection(SolutionConfigurationPlatforms) = preSolution
		Debug|Any CPU = Debug|Any CPU
		Release|Any CPU = Release|Any CPU
	EndGlobalSection
	GlobalSection(ProjectConfigurationPlatforms) = postSolution
		{10273942-94C5-4192-934B-0E23D92E3902}.Debug|Any CPU.ActiveCfg = Debug|Any CPU
		{10273942-94C5-4192-934B-0E23D92E3902}.Debug|Any CPU.Build.0 = Debug|Any CPU
		{10273942-94C5-4192-934B-0E23D92E3902}.Release|Any CPU.ActiveCfg = Release|Any CPU
		{10273942-94C5-4192-934B-0E23D92E3902}.Release|Any CPU.Build.0 = Release|Any CPU
	EndGlobalSection
	GlobalSection(SolutionProperties) = preSolution
		HideSolutionNode = FALSE
	EndGlobalSection
EndGlobal
