<?xml version="1.0" encoding="utf-8"?>
<Project ToolsVersion="4.0" xmlns="http://schemas.microsoft.com/developer/msbuild/2003">
  <ItemGroup>
    <Filter Include="Inc">
      <UniqueIdentifier>{a54fdd65-fe5f-46a5-85f2-2144f0719c9b}</UniqueIdentifier>
    </Filter>
    <Filter Include="Src">
      <UniqueIdentifier>{1e667178-37d7-430c-bbb8-08bb83430645}</UniqueIdentifier>
    </Filter>
    <Filter Include="Shaders">
      <UniqueIdentifier>{bb1d17ec-d906-445f-b915-135b6cb93fca}</UniqueIdentifier>
    </Filter>
  </ItemGroup>
  <ItemGroup>
    <ClInclude Include="Inc\ES2RHI.h">
      <Filter>Inc</Filter>
    </ClInclude>
    <ClInclude Include="Inc\ES2RHIDebug.h">
      <Filter>Inc</Filter>
    </ClInclude>
    <ClInclude Include="Inc\ES2RHIPrivate.h">
      <Filter>Inc</Filter>
    </ClInclude>
    <ClInclude Include="Inc\ES2RHIPublicTypes.h">
      <Filter>Inc</Filter>
    </ClInclude>
  </ItemGroup>
  <ItemGroup>
    <ClCompile Include="Src\ES2RHIDebug.cpp">
      <Filter>Src</Filter>
    </ClCompile>
    <ClCompile Include="Src\ES2RHIDrawing.cpp">
      <Filter>Src</Filter>
    </ClCompile>
    <ClCompile Include="Src\ES2RHIImplementation.cpp">
      <Filter>Src</Filter>
    </ClCompile>
    <ClCompile Include="Src\ES2RHIResources.cpp">
      <Filter>Src</Filter>
    </ClCompile>
    <ClCompile Include="Src\ES2RHIShaders.cpp">
      <Filter>Src</Filter>
    </ClCompile>
    <ClCompile Include="Src\ES2RHIState.cpp">
      <Filter>Src</Filter>
    </ClCompile>
  </ItemGroup>
</Project>