<?xml version="1.0" encoding="utf-8"?>
<Project ToolsVersion="4.0" xmlns="http://schemas.microsoft.com/developer/msbuild/2003">
  <ItemGroup>
    <Filter Include="Inc">
      <UniqueIdentifier>{2b71d1d0-4283-4efa-b788-4f1f8ec84770}</UniqueIdentifier>
    </Filter>
    <Filter Include="Src">
      <UniqueIdentifier>{3356163b-0baa-4697-a72b-ceebdb1d31aa}</UniqueIdentifier>
    </Filter>
  </ItemGroup>
  <ItemGroup>
    <ClInclude Include="Inc\OpenGLConstantBuffer.h">
      <Filter>Inc</Filter>
    </ClInclude>
    <ClInclude Include="Inc\OpenGLDrv.h">
      <Filter>Inc</Filter>
    </ClInclude>
    <ClInclude Include="Inc\OpenGLRenderTarget.h">
      <Filter>Inc</Filter>
    </ClInclude>
    <ClInclude Include="Inc\OpenGLResources.h">
      <Filter>Inc</Filter>
    </ClInclude>
    <ClInclude Include="Inc\OpenGLState.h">
      <Filter>Inc</Filter>
    </ClInclude>
    <ClInclude Include="Inc\OpenGLUtil.h">
      <Filter>Inc</Filter>
    </ClInclude>
    <ClInclude Include="Inc\OpenGLViewport.h">
      <Filter>Inc</Filter>
    </ClInclude>
    <ClInclude Include="Src\OpenGLDrvPrivate.h">
      <Filter>Src</Filter>
    </ClInclude>
    <ClInclude Include="Inc\OpenGLWindowsLoader.h">
      <Filter>Inc</Filter>
    </ClInclude>
  </ItemGroup>
  <ItemGroup>
    <ClCompile Include="Src\OpenGLCommands.cpp">
      <Filter>Src</Filter>
    </ClCompile>
    <ClCompile Include="Src\OpenGLConstantBuffer.cpp">
      <Filter>Src</Filter>
    </ClCompile>
    <ClCompile Include="Src\OpenGLD3DBytecodeConverter.cpp">
      <Filter>Src</Filter>
    </ClCompile>
    <ClCompile Include="Src\OpenGLDevice.cpp">
      <Filter>Src</Filter>
    </ClCompile>
    <ClCompile Include="Src\OpenGLDrv.cpp">
      <Filter>Src</Filter>
    </ClCompile>
    <ClCompile Include="Src\OpenGLIndexBuffer.cpp">
      <Filter>Src</Filter>
    </ClCompile>
    <ClCompile Include="Src\OpenGLQuery.cpp">
      <Filter>Src</Filter>
    </ClCompile>
    <ClCompile Include="Src\OpenGLRenderTarget.cpp">
      <Filter>Src</Filter>
    </ClCompile>
    <ClCompile Include="Src\OpenGLShaderCompiler.cpp">
      <Filter>Src</Filter>
    </ClCompile>
    <ClCompile Include="Src\OpenGLShaders.cpp">
      <Filter>Src</Filter>
    </ClCompile>
    <ClCompile Include="Src\OpenGLState.cpp">
      <Filter>Src</Filter>
    </ClCompile>
    <ClCompile Include="Src\OpenGLTexture.cpp">
      <Filter>Src</Filter>
    </ClCompile>
    <ClCompile Include="Src\OpenGLUtil.cpp">
      <Filter>Src</Filter>
    </ClCompile>
    <ClCompile Include="Src\OpenGLVertexBuffer.cpp">
      <Filter>Src</Filter>
    </ClCompile>
    <ClCompile Include="Src\OpenGLVertexDeclaration.cpp">
      <Filter>Src</Filter>
    </ClCompile>
    <ClCompile Include="Src\OpenGLViewport.cpp">
      <Filter>Src</Filter>
    </ClCompile>
    <ClCompile Include="Src\OpenGLViewportMac.cpp">
      <Filter>Src</Filter>
    </ClCompile>
    <ClCompile Include="Src\OpenGLViewportWindows.cpp">
      <Filter>Src</Filter>
    </ClCompile>
    <ClCompile Include="Src\OpenGLWindowsLoader.cpp">
      <Filter>Src</Filter>
    </ClCompile>
  </ItemGroup>
</Project>