<?xml version="1.0" encoding="utf-8"?>
<Project ToolsVersion="4.0" xmlns="http://schemas.microsoft.com/developer/msbuild/2003">
  <ItemGroup>
    <Filter Include="Inc">
      <UniqueIdentifier>{6e80cb99-28d1-4c3f-9537-cc2f57fa1013}</UniqueIdentifier>
    </Filter>
    <Filter Include="Src">
      <UniqueIdentifier>{37dadb2c-c363-41fc-8d1c-c0f42457384b}</UniqueIdentifier>
    </Filter>
  </ItemGroup>
  <ItemGroup>
    <ClInclude Include="Inc\BaseDevice.h">
      <Filter>Inc</Filter>
    </ClInclude>
    <ClInclude Include="Inc\D3D9Drv.h">
      <Filter>Inc</Filter>
    </ClInclude>
    <ClInclude Include="Inc\D3D9HardwareSurvey.h">
      <Filter>Inc</Filter>
    </ClInclude>
    <ClInclude Include="Inc\D3D9MeshUtils.h">
      <Filter>Inc</Filter>
    </ClInclude>
    <ClInclude Include="Inc\D3D9RenderTarget.h">
      <Filter>Inc</Filter>
    </ClInclude>
    <ClInclude Include="Inc\D3D9Resources.h">
      <Filter>Inc</Filter>
    </ClInclude>
    <ClInclude Include="Inc\D3D9State.h">
      <Filter>Inc</Filter>
    </ClInclude>
    <ClInclude Include="Inc\D3D9Util.h">
      <Filter>Inc</Filter>
    </ClInclude>
    <ClInclude Include="Inc\D3D9Viewport.h">
      <Filter>Inc</Filter>
    </ClInclude>
    <ClInclude Include="Inc\HardwareID.h">
      <Filter>Inc</Filter>
    </ClInclude>
    <ClInclude Include="Inc\NvApiError.h">
      <Filter>Inc</Filter>
    </ClInclude>
    <ClInclude Include="Inc\NvCpl.h">
      <Filter>Inc</Filter>
    </ClInclude>
    <ClInclude Include="Inc\NvPanelApi.h">
      <Filter>Inc</Filter>
    </ClInclude>
    <ClInclude Include="Inc\VideoDevice.h">
      <Filter>Inc</Filter>
    </ClInclude>
    <ClInclude Include="Src\D3D9DrvPrivate.h">
      <Filter>Src</Filter>
    </ClInclude>
  </ItemGroup>
  <ItemGroup>
    <ClCompile Include="Src\BaseDevice.cpp">
      <Filter>Src</Filter>
    </ClCompile>
    <ClCompile Include="Src\CompatibilityEvaluator.cpp">
      <Filter>Src</Filter>
    </ClCompile>
    <ClCompile Include="Src\D3D9Commands.cpp">
      <Filter>Src</Filter>
    </ClCompile>
    <ClCompile Include="Src\D3D9Device.cpp">
      <Filter>Src</Filter>
    </ClCompile>
    <ClCompile Include="Src\D3D9Drv.cpp">
      <Filter>Src</Filter>
    </ClCompile>
    <ClCompile Include="Src\D3D9HardwareSurvey.cpp">
      <Filter>Src</Filter>
    </ClCompile>
    <ClCompile Include="Src\D3D9IndexBuffer.cpp">
      <Filter>Src</Filter>
    </ClCompile>
    <ClCompile Include="Src\D3D9MeshUtils.cpp">
      <Filter>Src</Filter>
    </ClCompile>
    <ClCompile Include="Src\D3D9Query.cpp">
      <Filter>Src</Filter>
    </ClCompile>
    <ClCompile Include="Src\D3D9RenderTarget.cpp">
      <Filter>Src</Filter>
    </ClCompile>
    <ClCompile Include="Src\D3D9ShaderCompiler.cpp">
      <Filter>Src</Filter>
    </ClCompile>
    <ClCompile Include="Src\D3D9Shaders.cpp">
      <Filter>Src</Filter>
    </ClCompile>
    <ClCompile Include="Src\D3D9State.cpp">
      <Filter>Src</Filter>
    </ClCompile>
    <ClCompile Include="Src\D3D9Texture.cpp">
      <Filter>Src</Filter>
    </ClCompile>
    <ClCompile Include="Src\D3D9Util.cpp">
      <Filter>Src</Filter>
    </ClCompile>
    <ClCompile Include="Src\D3D9VertexBuffer.cpp">
      <Filter>Src</Filter>
    </ClCompile>
    <ClCompile Include="Src\D3D9VertexDeclaration.cpp">
      <Filter>Src</Filter>
    </ClCompile>
    <ClCompile Include="Src\D3D9Viewport.cpp">
      <Filter>Src</Filter>
    </ClCompile>
    <ClCompile Include="Src\HardwareID.cpp">
      <Filter>Src</Filter>
    </ClCompile>
    <ClCompile Include="Src\VideoDevice.cpp">
      <Filter>Src</Filter>
    </ClCompile>
  </ItemGroup>
</Project>