<?xml version="1.0" encoding="utf-8"?>
<Project ToolsVersion="4.0" xmlns="http://schemas.microsoft.com/developer/msbuild/2003">
  <ItemGroup>
    <Filter Include="Inc">
      <UniqueIdentifier>{8b1cb377-2d48-4b76-b548-5de5b03e434e}</UniqueIdentifier>
    </Filter>
    <Filter Include="Src">
      <UniqueIdentifier>{24bd7801-abb1-4ac6-b081-521de69df264}</UniqueIdentifier>
    </Filter>
  </ItemGroup>
  <ItemGroup>
    <ClInclude Include="Inc\ALAudio.h">
      <Filter>Inc</Filter>
    </ClInclude>
    <ClInclude Include="Inc\ALAudioDevice.h">
      <Filter>Inc</Filter>
    </ClInclude>
    <ClInclude Include="Inc\ALFuncs.h">
      <Filter>Inc</Filter>
    </ClInclude>
    <ClInclude Include="Src\ALAudioPrivate.h">
      <Filter>Src</Filter>
    </ClInclude>
  </ItemGroup>
  <ItemGroup>
    <ClCompile Include="Src\ALAudio.cpp">
      <Filter>Src</Filter>
    </ClCompile>
    <ClCompile Include="Src\ALAudioDevice.cpp">
      <Filter>Src</Filter>
    </ClCompile>
  </ItemGroup>
</Project>