<?xml version="1.0" encoding="utf-8"?>
<Project ToolsVersion="4.0" xmlns="http://schemas.microsoft.com/developer/msbuild/2003">
  <ItemGroup>
    <Filter Include="Source Files">
      <UniqueIdentifier>{4FC737F1-C7A5-4376-A066-2A32D752A2FF}</UniqueIdentifier>
      <Extensions>cpp;c;cxx;def;odl;idl;hpj;bat;asm;asmx</Extensions>
    </Filter>
    <Filter Include="Header Files">
      <UniqueIdentifier>{7c7b08cf-6e8a-47db-aa30-17808f4f9116}</UniqueIdentifier>
    </Filter>
    <Filter Include="BoostedFromWindows">
      <UniqueIdentifier>{98b303f6-f5e1-474d-a7b3-af27690a287d}</UniqueIdentifier>
    </Filter>
    <Filter Include="Resource Files">
      <UniqueIdentifier>{b3e22bef-844e-4ffe-b899-4f786640fadc}</UniqueIdentifier>
    </Filter>
  </ItemGroup>
  <ItemGroup>
    <ClCompile Include="IPhoneSupport.cpp">
      <Filter>Source Files</Filter>
    </ClCompile>
    <ClCompile Include="IPhoneTarget.cpp">
      <Filter>Source Files</Filter>
    </ClCompile>
    <ClCompile Include="IPhoneNetworkManager.cpp">
      <Filter>Source Files</Filter>
    </ClCompile>
    <ClCompile Include="IPhoneSocket.cpp">
      <Filter>Source Files</Filter>
    </ClCompile>
    <ClCompile Include="IPhoneSymbolParser.cpp">
      <Filter>Source Files</Filter>
    </ClCompile>
  </ItemGroup>
  <ItemGroup>
    <ClInclude Include="IPhoneTarget.h">
      <Filter>Header Files</Filter>
    </ClInclude>
    <ClInclude Include="..\..\Windows\WindowsTools\Common.h">
      <Filter>BoostedFromWindows</Filter>
    </ClInclude>
    <ClInclude Include="resource.h">
      <Filter>Resource Files</Filter>
    </ClInclude>
    <ClInclude Include="IPhoneSupport.h">
      <Filter>Header Files</Filter>
    </ClInclude>
    <ClInclude Include="IPhoneNetworkManager.h">
      <Filter>Header Files</Filter>
    </ClInclude>
    <ClInclude Include="IPhoneSocket.h">
      <Filter>Header Files</Filter>
    </ClInclude>
    <ClInclude Include="IPhoneSymbolParser.h">
      <Filter>Header Files</Filter>
    </ClInclude>
  </ItemGroup>
  <ItemGroup>
    <ResourceCompile Include="Resources.rc">
      <Filter>Resource Files</Filter>
    </ResourceCompile>
  </ItemGroup>
</Project>
