<?xml version="1.0" encoding="utf-8"?>
<Project ToolsVersion="4.0" xmlns="http://schemas.microsoft.com/developer/msbuild/2003">
  <ItemGroup>
    <Filter Include="Classes">
      <UniqueIdentifier>{4041909a-50b3-4d45-a8d8-1bb800d51c9a}</UniqueIdentifier>
    </Filter>
    <Filter Include="Inc">
      <UniqueIdentifier>{9ef560c7-4b25-4984-950a-42e28d67988f}</UniqueIdentifier>
    </Filter>
    <Filter Include="Src">
      <UniqueIdentifier>{ae77299d-7de0-4f6c-a4b4-e28af93813a9}</UniqueIdentifier>
    </Filter>
  </ItemGroup>
  <ItemGroup>
    <None Include="Classes\OnlineSubsystemPC.uc">
      <Filter>Classes</Filter>
    </None>
  </ItemGroup>
  <ItemGroup>
    <ClInclude Include="Inc\OnlineSubsystemPC.h">
      <Filter>Inc</Filter>
    </ClInclude>
    <ClInclude Include="Inc\OnlineSubsystemPCClasses.h">
      <Filter>Inc</Filter>
    </ClInclude>
    <ClInclude Include="Inc\OnlineSubsystemPCNames.h">
      <Filter>Inc</Filter>
    </ClInclude>
    <ClInclude Include="Inc\UOnlineSubsystemPC.h">
      <Filter>Inc</Filter>
    </ClInclude>
  </ItemGroup>
  <ItemGroup>
    <ClCompile Include="Src\OnlineSubsystemPC.cpp">
      <Filter>Src</Filter>
    </ClCompile>
    <ClCompile Include="Src\OnlineSubsystemPCPackage.cpp">
      <Filter>Src</Filter>
    </ClCompile>
    <ClCompile Include="Src\VoiceInterfacePC.cpp">
      <Filter>Src</Filter>
    </ClCompile>
  </ItemGroup>
</Project>