<?xml version="1.0" encoding="utf-8"?>
<Project ToolsVersion="4.0" xmlns="http://schemas.microsoft.com/developer/msbuild/2003">
  <ItemGroup>
    <Filter Include="Source Files">
      <UniqueIdentifier>{4FC737F1-C7A5-4376-A066-2A32D752A2FF}</UniqueIdentifier>
      <Extensions>cpp;c;cxx;def;odl;idl;hpj;bat;asm;asmx</Extensions>
    </Filter>
    <Filter Include="Header Files">
      <UniqueIdentifier>{d7359be4-16e7-46fd-8940-9a8de51af68d}</UniqueIdentifier>
    </Filter>
    <Filter Include="BoostedFromWindows">
      <UniqueIdentifier>{b3426625-b7cd-4658-a2cd-b7c706f0e64a}</UniqueIdentifier>
    </Filter>
    <Filter Include="Resource Files">
      <UniqueIdentifier>{e9b6ee36-401f-46ee-bd10-9e45299b6c99}</UniqueIdentifier>
    </Filter>
  </ItemGroup>
  <ItemGroup>
    <ClCompile Include="AndroidSupport.cpp">
      <Filter>Source Files</Filter>
    </ClCompile>
    <ClCompile Include="AndroidTarget.cpp">
      <Filter>Source Files</Filter>
    </ClCompile>
    <ClCompile Include="ConsoleFileManifest.cpp">
      <Filter>Source Files</Filter>
    </ClCompile>
    <ClCompile Include="AndroidNetworkManager.cpp">
      <Filter>Source Files</Filter>
    </ClCompile>
    <ClCompile Include="AndroidSocket.cpp">
      <Filter>Source Files</Filter>
    </ClCompile>
    <ClCompile Include="AndroidSymbolParser.cpp">
      <Filter>Source Files</Filter>
    </ClCompile>
    <ClCompile Include="CommandLineWrapper.cpp">
      <Filter>Source Files</Filter>
    </ClCompile>
  </ItemGroup>
  <ItemGroup>
    <ClInclude Include="AndroidTarget.h">
      <Filter>Header Files</Filter>
    </ClInclude>
    <ClInclude Include="..\..\Windows\WindowsTools\Common.h">
      <Filter>BoostedFromWindows</Filter>
    </ClInclude>
    <ClInclude Include="resource.h">
      <Filter>Resource Files</Filter>
    </ClInclude>
    <ClInclude Include="ConsoleFileManifest.h">
      <Filter>Header Files</Filter>
    </ClInclude>
    <ClInclude Include="AndroidSupport.h">
      <Filter>Header Files</Filter>
    </ClInclude>
    <ClInclude Include="AndroidNetworkManager.h">
      <Filter>Header Files</Filter>
    </ClInclude>
    <ClInclude Include="AndroidSocket.h">
      <Filter>Header Files</Filter>
    </ClInclude>
    <ClInclude Include="AndroidSymbolParser.h">
      <Filter>Header Files</Filter>
    </ClInclude>
    <ClInclude Include="CommandLineWrapper.h">
      <Filter>Header Files</Filter>
    </ClInclude>
  </ItemGroup>
  <ItemGroup>
    <ResourceCompile Include="Resources.rc">
      <Filter>Resource Files</Filter>
    </ResourceCompile>
  </ItemGroup>
</Project>